
Microsoft Visual Studio Solution File, Format Version 12.00
# Visual Studio Version 17
VisualStudioVersion = 17.11.35327.3
MinimumVisualStudioVersion = 10.0.40219.1
Project("{FAE04EC0-301F-11D3-BF4B-00C04F79EFBC}") = "Plugin", "Plugin\Plugin.csproj", "{EDC1ED4B-9183-4024-A97E-D3D01D530CE1}"
EndProject
Global
	GlobalSection(SolutionConfigurationPlatforms) = preSolution
		Debug|Any CPU = Debug|Any CPU
		Release|Any CPU = Release|Any CPU
	EndGlobalSection
	GlobalSection(ProjectConfigurationPlatforms) = postSolution
		{EDC1ED4B-9183-4024-A97E-D3D01D530CE1}.Debug|Any CPU.ActiveCfg = Debug|Any CPU
		{EDC1ED4B-9183-4024-A97E-D3D01D530CE1}.Debug|Any CPU.Build.0 = Debug|Any CPU
		{EDC1ED4B-9183-4024-A97E-D3D01D530CE1}.Release|Any CPU.ActiveCfg = Release|Any CPU
		{EDC1ED4B-9183-4024-A97E-D3D01D530CE1}.Release|Any CPU.Build.0 = Release|Any CPU
	EndGlobalSection
	GlobalSection(SolutionProperties) = preSolution
		HideSolutionNode = FALSE
	EndGlobalSection
	GlobalSection(ExtensibilityGlobals) = postSolution
		SolutionGuid = {9BC8B539-A831-4E6F-8BFB-BE12680C10F4}
	EndGlobalSection
EndGlobal
